{
  "name": "l2f-studio",
  "lockfileVersion": 3,
  "requires": true,
  "packages": {
    "": {
      "dependencies": {
        "gl-matrix": "^3.4.3",
        "jsfive": "^0.4.0",
        "mathjs": "^14.3.1",
        "rand-seed": "^2.1.7",
        "rltools": "file:../rltools.js",
        "stats.js": "^0.17.0",
        "three": "^0.180.0"
      },
      "devDependencies": {
        "esbuild": "^0.25.9"
      }
    },
    "../rltools.js": {
      "name": "rltools",
      "version": "0.0.4",
      "license": "MIT",
      "dependencies": {
        "jsfive": "^0.4.0",
        "mathjs": "^14.3.1"
      }
    },
    "node_modules/@babel/runtime": {
      "version": "7.26.9",
      "resolved": "https://registry.npmjs.org/@babel/runtime/-/runtime-7.26.9.tgz",
      "integrity": "sha512-aA63XwOkcl4xxQa3HjPMqOP6LiK0ZDv3mUPYEFXkpHbaFjtGggE1A61FjFzJnB+p7/oy2gA8E+rcBNl/zC1tMg==",
      "dependencies": {
        "regenerator-runtime": "^0.14.0"
      },
      "engines": {
        "node": ">=6.9.0"
      }
    },
    "node_modules/@esbuild/aix-ppc64": {
      "version": "0.25.9",
      "resolved": "https://registry.npmjs.org/@esbuild/aix-ppc64/-/aix-ppc64-0.25.9.tgz",
      "integrity": "sha512-OaGtL73Jck6pBKjNIe24BnFE6agGl+6KxDtTfHhy1HmhthfKouEcOhqpSL64K4/0WCtbKFLOdzD/44cJ4k9opA==",
      "cpu": [
        "ppc64"
      ],
      "dev": true,
      "license": "MIT",
      "optional": true,
      "os": [
        "aix"
      ],
      "engines": {
        "node": ">=18"
      }
    },
    "node_modules/@esbuild/android-arm": {
      "version": "0.25.9",
      "resolved": "https://registry.npmjs.org/@esbuild/android-arm/-/android-arm-0.25.9.tgz",
      "integrity": "sha512-5WNI1DaMtxQ7t7B6xa572XMXpHAaI/9Hnhk8lcxF4zVN4xstUgTlvuGDorBguKEnZO70qwEcLpfifMLoxiPqHQ==",
      "cpu": [
        "arm"
      ],
      "dev": true,
      "license": "MIT",
      "optional": true,
      "os": [
        "android"
      ],
      "engines": {
        "node": ">=18"
      }
    },
    "node_modules/@esbuild/android-arm64": {
      "version": "0.25.9",
      "resolved": "https://registry.npmjs.org/@esbuild/android-arm64/-/android-arm64-0.25.9.tgz",
      "integrity": "sha512-IDrddSmpSv51ftWslJMvl3Q2ZT98fUSL2/rlUXuVqRXHCs5EUF1/f+jbjF5+NG9UffUDMCiTyh8iec7u8RlTLg==",
      "cpu": [
        "arm64"
      ],
      "dev": true,
      "license": "MIT",
      "optional": true,
      "os": [
        "android"
      ],
      "engines": {
        "node": ">=18"
      }
    },
    "node_modules/@esbuild/android-x64": {
      "version": "0.25.9",
      "resolved": "https://registry.npmjs.org/@esbuild/android-x64/-/android-x64-0.25.9.tgz",
      "integrity": "sha512-I853iMZ1hWZdNllhVZKm34f4wErd4lMyeV7BLzEExGEIZYsOzqDWDf+y082izYUE8gtJnYHdeDpN/6tUdwvfiw==",
      "cpu": [
        "x64"
      ],
      "dev": true,
      "license": "MIT",
      "optional": true,
      "os": [
        "android"
      ],
      "engines": {
        "node": ">=18"
      }
    },
    "node_modules/@esbuild/darwin-arm64": {
      "version": "0.25.9",
      "resolved": "https://registry.npmjs.org/@esbuild/darwin-arm64/-/darwin-arm64-0.25.9.tgz",
      "integrity": "sha512-XIpIDMAjOELi/9PB30vEbVMs3GV1v2zkkPnuyRRURbhqjyzIINwj+nbQATh4H9GxUgH1kFsEyQMxwiLFKUS6Rg==",
      "cpu": [
        "arm64"
      ],
      "dev": true,
      "license": "MIT",
      "optional": true,
      "os": [
        "darwin"
      ],
      "engines": {
        "node": ">=18"
      }
    },
    "node_modules/@esbuild/darwin-x64": {
      "version": "0.25.9",
      "resolved": "https://registry.npmjs.org/@esbuild/darwin-x64/-/darwin-x64-0.25.9.tgz",
      "integrity": "sha512-jhHfBzjYTA1IQu8VyrjCX4ApJDnH+ez+IYVEoJHeqJm9VhG9Dh2BYaJritkYK3vMaXrf7Ogr/0MQ8/MeIefsPQ==",
      "cpu": [
        "x64"
      ],
      "dev": true,
      "license": "MIT",
      "optional": true,
      "os": [
        "darwin"
      ],
      "engines": {
        "node": ">=18"
      }
    },
    "node_modules/@esbuild/freebsd-arm64": {
      "version": "0.25.9",
      "resolved": "https://registry.npmjs.org/@esbuild/freebsd-arm64/-/freebsd-arm64-0.25.9.tgz",
      "integrity": "sha512-z93DmbnY6fX9+KdD4Ue/H6sYs+bhFQJNCPZsi4XWJoYblUqT06MQUdBCpcSfuiN72AbqeBFu5LVQTjfXDE2A6Q==",
      "cpu": [
        "arm64"
      ],
      "dev": true,
      "license": "MIT",
      "optional": true,
      "os": [
        "freebsd"
      ],
      "engines": {
        "node": ">=18"
      }
    },
    "node_modules/@esbuild/freebsd-x64": {
      "version": "0.25.9",
      "resolved": "https://registry.npmjs.org/@esbuild/freebsd-x64/-/freebsd-x64-0.25.9.tgz",
      "integrity": "sha512-mrKX6H/vOyo5v71YfXWJxLVxgy1kyt1MQaD8wZJgJfG4gq4DpQGpgTB74e5yBeQdyMTbgxp0YtNj7NuHN0PoZg==",
      "cpu": [
        "x64"
      ],
      "dev": true,
      "license": "MIT",
      "optional": true,
      "os": [
        "freebsd"
      ],
      "engines": {
        "node": ">=18"
      }
    },
    "node_modules/@esbuild/linux-arm": {
      "version": "0.25.9",
      "resolved": "https://registry.npmjs.org/@esbuild/linux-arm/-/linux-arm-0.25.9.tgz",
      "integrity": "sha512-HBU2Xv78SMgaydBmdor38lg8YDnFKSARg1Q6AT0/y2ezUAKiZvc211RDFHlEZRFNRVhcMamiToo7bDx3VEOYQw==",
      "cpu": [
        "arm"
      ],
      "dev": true,
      "license": "MIT",
      "optional": true,
      "os": [
        "linux"
      ],
      "engines": {
        "node": ">=18"
      }
    },
    "node_modules/@esbuild/linux-arm64": {
      "version": "0.25.9",
      "resolved": "https://registry.npmjs.org/@esbuild/linux-arm64/-/linux-arm64-0.25.9.tgz",
      "integrity": "sha512-BlB7bIcLT3G26urh5Dmse7fiLmLXnRlopw4s8DalgZ8ef79Jj4aUcYbk90g8iCa2467HX8SAIidbL7gsqXHdRw==",
      "cpu": [
        "arm64"
      ],
      "dev": true,
      "license": "MIT",
      "optional": true,
      "os": [
        "linux"
      ],
      "engines": {
        "node": ">=18"
      }
    },
    "node_modules/@esbuild/linux-ia32": {
      "version": "0.25.9",
      "resolved": "https://registry.npmjs.org/@esbuild/linux-ia32/-/linux-ia32-0.25.9.tgz",
      "integrity": "sha512-e7S3MOJPZGp2QW6AK6+Ly81rC7oOSerQ+P8L0ta4FhVi+/j/v2yZzx5CqqDaWjtPFfYz21Vi1S0auHrap3Ma3A==",
      "cpu": [
        "ia32"
      ],
      "dev": true,
      "license": "MIT",
      "optional": true,
      "os": [
        "linux"
      ],
      "engines": {
        "node": ">=18"
      }
    },
    "node_modules/@esbuild/linux-loong64": {
      "version": "0.25.9",
      "resolved": "https://registry.npmjs.org/@esbuild/linux-loong64/-/linux-loong64-0.25.9.tgz",
      "integrity": "sha512-Sbe10Bnn0oUAB2AalYztvGcK+o6YFFA/9829PhOCUS9vkJElXGdphz0A3DbMdP8gmKkqPmPcMJmJOrI3VYB1JQ==",
      "cpu": [
        "loong64"
      ],
      "dev": true,
      "license": "MIT",
      "optional": true,
      "os": [
        "linux"
      ],
      "engines": {
        "node": ">=18"
      }
    },
    "node_modules/@esbuild/linux-mips64el": {
      "version": "0.25.9",
      "resolved": "https://registry.npmjs.org/@esbuild/linux-mips64el/-/linux-mips64el-0.25.9.tgz",
      "integrity": "sha512-YcM5br0mVyZw2jcQeLIkhWtKPeVfAerES5PvOzaDxVtIyZ2NUBZKNLjC5z3/fUlDgT6w89VsxP2qzNipOaaDyA==",
      "cpu": [
        "mips64el"
      ],
      "dev": true,
      "license": "MIT",
      "optional": true,
      "os": [
        "linux"
      ],
      "engines": {
        "node": ">=18"
      }
    },
    "node_modules/@esbuild/linux-ppc64": {
      "version": "0.25.9",
      "resolved": "https://registry.npmjs.org/@esbuild/linux-ppc64/-/linux-ppc64-0.25.9.tgz",
      "integrity": "sha512-++0HQvasdo20JytyDpFvQtNrEsAgNG2CY1CLMwGXfFTKGBGQT3bOeLSYE2l1fYdvML5KUuwn9Z8L1EWe2tzs1w==",
      "cpu": [
        "ppc64"
      ],
      "dev": true,
      "license": "MIT",
      "optional": true,
      "os": [
        "linux"
      ],
      "engines": {
        "node": ">=18"
      }
    },
    "node_modules/@esbuild/linux-riscv64": {
      "version": "0.25.9",
      "resolved": "https://registry.npmjs.org/@esbuild/linux-riscv64/-/linux-riscv64-0.25.9.tgz",
      "integrity": "sha512-uNIBa279Y3fkjV+2cUjx36xkx7eSjb8IvnL01eXUKXez/CBHNRw5ekCGMPM0BcmqBxBcdgUWuUXmVWwm4CH9kg==",
      "cpu": [
        "riscv64"
      ],
      "dev": true,
      "license": "MIT",
      "optional": true,
      "os": [
        "linux"
      ],
      "engines": {
        "node": ">=18"
      }
    },
    "node_modules/@esbuild/linux-s390x": {
      "version": "0.25.9",
      "resolved": "https://registry.npmjs.org/@esbuild/linux-s390x/-/linux-s390x-0.25.9.tgz",
      "integrity": "sha512-Mfiphvp3MjC/lctb+7D287Xw1DGzqJPb/J2aHHcHxflUo+8tmN/6d4k6I2yFR7BVo5/g7x2Monq4+Yew0EHRIA==",
      "cpu": [
        "s390x"
      ],
      "dev": true,
      "license": "MIT",
      "optional": true,
      "os": [
        "linux"
      ],
      "engines": {
        "node": ">=18"
      }
    },
    "node_modules/@esbuild/linux-x64": {
      "version": "0.25.9",
      "resolved": "https://registry.npmjs.org/@esbuild/linux-x64/-/linux-x64-0.25.9.tgz",
      "integrity": "sha512-iSwByxzRe48YVkmpbgoxVzn76BXjlYFXC7NvLYq+b+kDjyyk30J0JY47DIn8z1MO3K0oSl9fZoRmZPQI4Hklzg==",
      "cpu": [
        "x64"
      ],
      "dev": true,
      "license": "MIT",
      "optional": true,
      "os": [
        "linux"
      ],
      "engines": {
        "node": ">=18"
      }
    },
    "node_modules/@esbuild/netbsd-arm64": {
      "version": "0.25.9",
      "resolved": "https://registry.npmjs.org/@esbuild/netbsd-arm64/-/netbsd-arm64-0.25.9.tgz",
      "integrity": "sha512-9jNJl6FqaUG+COdQMjSCGW4QiMHH88xWbvZ+kRVblZsWrkXlABuGdFJ1E9L7HK+T0Yqd4akKNa/lO0+jDxQD4Q==",
      "cpu": [
        "arm64"
      ],
      "dev": true,
      "license": "MIT",
      "optional": true,
      "os": [
        "netbsd"
      ],
      "engines": {
        "node": ">=18"
      }
    },
    "node_modules/@esbuild/netbsd-x64": {
      "version": "0.25.9",
      "resolved": "https://registry.npmjs.org/@esbuild/netbsd-x64/-/netbsd-x64-0.25.9.tgz",
      "integrity": "sha512-RLLdkflmqRG8KanPGOU7Rpg829ZHu8nFy5Pqdi9U01VYtG9Y0zOG6Vr2z4/S+/3zIyOxiK6cCeYNWOFR9QP87g==",
      "cpu": [
        "x64"
      ],
      "dev": true,
      "license": "MIT",
      "optional": true,
      "os": [
        "netbsd"
      ],
      "engines": {
        "node": ">=18"
      }
    },
    "node_modules/@esbuild/openbsd-arm64": {
      "version": "0.25.9",
      "resolved": "https://registry.npmjs.org/@esbuild/openbsd-arm64/-/openbsd-arm64-0.25.9.tgz",
      "integrity": "sha512-YaFBlPGeDasft5IIM+CQAhJAqS3St3nJzDEgsgFixcfZeyGPCd6eJBWzke5piZuZ7CtL656eOSYKk4Ls2C0FRQ==",
      "cpu": [
        "arm64"
      ],
      "dev": true,
      "license": "MIT",
      "optional": true,
      "os": [
        "openbsd"
      ],
      "engines": {
        "node": ">=18"
      }
    },
    "node_modules/@esbuild/openbsd-x64": {
      "version": "0.25.9",
      "resolved": "https://registry.npmjs.org/@esbuild/openbsd-x64/-/openbsd-x64-0.25.9.tgz",
      "integrity": "sha512-1MkgTCuvMGWuqVtAvkpkXFmtL8XhWy+j4jaSO2wxfJtilVCi0ZE37b8uOdMItIHz4I6z1bWWtEX4CJwcKYLcuA==",
      "cpu": [
        "x64"
      ],
      "dev": true,
      "license": "MIT",
      "optional": true,
      "os": [
        "openbsd"
      ],
      "engines": {
        "node": ">=18"
      }
    },
    "node_modules/@esbuild/openharmony-arm64": {
      "version": "0.25.9",
      "resolved": "https://registry.npmjs.org/@esbuild/openharmony-arm64/-/openharmony-arm64-0.25.9.tgz",
      "integrity": "sha512-4Xd0xNiMVXKh6Fa7HEJQbrpP3m3DDn43jKxMjxLLRjWnRsfxjORYJlXPO4JNcXtOyfajXorRKY9NkOpTHptErg==",
      "cpu": [
        "arm64"
      ],
      "dev": true,
      "license": "MIT",
      "optional": true,
      "os": [
        "openharmony"
      ],
      "engines": {
        "node": ">=18"
      }
    },
    "node_modules/@esbuild/sunos-x64": {
      "version": "0.25.9",
      "resolved": "https://registry.npmjs.org/@esbuild/sunos-x64/-/sunos-x64-0.25.9.tgz",
      "integrity": "sha512-WjH4s6hzo00nNezhp3wFIAfmGZ8U7KtrJNlFMRKxiI9mxEK1scOMAaa9i4crUtu+tBr+0IN6JCuAcSBJZfnphw==",
      "cpu": [
        "x64"
      ],
      "dev": true,
      "license": "MIT",
      "optional": true,
      "os": [
        "sunos"
      ],
      "engines": {
        "node": ">=18"
      }
    },
    "node_modules/@esbuild/win32-arm64": {
      "version": "0.25.9",
      "resolved": "https://registry.npmjs.org/@esbuild/win32-arm64/-/win32-arm64-0.25.9.tgz",
      "integrity": "sha512-mGFrVJHmZiRqmP8xFOc6b84/7xa5y5YvR1x8djzXpJBSv/UsNK6aqec+6JDjConTgvvQefdGhFDAs2DLAds6gQ==",
      "cpu": [
        "arm64"
      ],
      "dev": true,
      "license": "MIT",
      "optional": true,
      "os": [
        "win32"
      ],
      "engines": {
        "node": ">=18"
      }
    },
    "node_modules/@esbuild/win32-ia32": {
      "version": "0.25.9",
      "resolved": "https://registry.npmjs.org/@esbuild/win32-ia32/-/win32-ia32-0.25.9.tgz",
      "integrity": "sha512-b33gLVU2k11nVx1OhX3C8QQP6UHQK4ZtN56oFWvVXvz2VkDoe6fbG8TOgHFxEvqeqohmRnIHe5A1+HADk4OQww==",
      "cpu": [
        "ia32"
      ],
      "dev": true,
      "license": "MIT",
      "optional": true,
      "os": [
        "win32"
      ],
      "engines": {
        "node": ">=18"
      }
    },
    "node_modules/@esbuild/win32-x64": {
      "version": "0.25.9",
      "resolved": "https://registry.npmjs.org/@esbuild/win32-x64/-/win32-x64-0.25.9.tgz",
      "integrity": "sha512-PPOl1mi6lpLNQxnGoyAfschAodRFYXJ+9fs6WHXz7CSWKbOqiMZsubC+BQsVKuul+3vKLuwTHsS2c2y9EoKwxQ==",
      "cpu": [
        "x64"
      ],
      "dev": true,
      "license": "MIT",
      "optional": true,
      "os": [
        "win32"
      ],
      "engines": {
        "node": ">=18"
      }
    },
    "node_modules/complex.js": {
      "version": "2.4.2",
      "resolved": "https://registry.npmjs.org/complex.js/-/complex.js-2.4.2.tgz",
      "integrity": "sha512-qtx7HRhPGSCBtGiST4/WGHuW+zeaND/6Ld+db6PbrulIB1i2Ev/2UPiqcmpQNPSyfBKraC0EOvOKCB5dGZKt3g==",
      "engines": {
        "node": "*"
      },
      "funding": {
        "type": "github",
        "url": "https://github.com/sponsors/rawify"
      }
    },
    "node_modules/decimal.js": {
      "version": "10.5.0",
      "resolved": "https://registry.npmjs.org/decimal.js/-/decimal.js-10.5.0.tgz",
      "integrity": "sha512-8vDa8Qxvr/+d94hSh5P3IJwI5t8/c0KsMp+g8bNw9cY2icONa5aPfvKeieW1WlG0WQYwwhJ7mjui2xtiePQSXw=="
    },
    "node_modules/esbuild": {
      "version": "0.25.9",
      "resolved": "https://registry.npmjs.org/esbuild/-/esbuild-0.25.9.tgz",
      "integrity": "sha512-CRbODhYyQx3qp7ZEwzxOk4JBqmD/seJrzPa/cGjY1VtIn5E09Oi9/dB4JwctnfZ8Q8iT7rioVv5k/FNT/uf54g==",
      "dev": true,
      "hasInstallScript": true,
      "license": "MIT",
      "bin": {
        "esbuild": "bin/esbuild"
      },
      "engines": {
        "node": ">=18"
      },
      "optionalDependencies": {
        "@esbuild/aix-ppc64": "0.25.9",
        "@esbuild/android-arm": "0.25.9",
        "@esbuild/android-arm64": "0.25.9",
        "@esbuild/android-x64": "0.25.9",
        "@esbuild/darwin-arm64": "0.25.9",
        "@esbuild/darwin-x64": "0.25.9",
        "@esbuild/freebsd-arm64": "0.25.9",
        "@esbuild/freebsd-x64": "0.25.9",
        "@esbuild/linux-arm": "0.25.9",
        "@esbuild/linux-arm64": "0.25.9",
        "@esbuild/linux-ia32": "0.25.9",
        "@esbuild/linux-loong64": "0.25.9",
        "@esbuild/linux-mips64el": "0.25.9",
        "@esbuild/linux-ppc64": "0.25.9",
        "@esbuild/linux-riscv64": "0.25.9",
        "@esbuild/linux-s390x": "0.25.9",
        "@esbuild/linux-x64": "0.25.9",
        "@esbuild/netbsd-arm64": "0.25.9",
        "@esbuild/netbsd-x64": "0.25.9",
        "@esbuild/openbsd-arm64": "0.25.9",
        "@esbuild/openbsd-x64": "0.25.9",
        "@esbuild/openharmony-arm64": "0.25.9",
        "@esbuild/sunos-x64": "0.25.9",
        "@esbuild/win32-arm64": "0.25.9",
        "@esbuild/win32-ia32": "0.25.9",
        "@esbuild/win32-x64": "0.25.9"
      }
    },
    "node_modules/escape-latex": {
      "version": "1.2.0",
      "resolved": "https://registry.npmjs.org/escape-latex/-/escape-latex-1.2.0.tgz",
      "integrity": "sha512-nV5aVWW1K0wEiUIEdZ4erkGGH8mDxGyxSeqPzRNtWP7ataw+/olFObw7hujFWlVjNsaDFw5VZ5NzVSIqRgfTiw=="
    },
    "node_modules/fraction.js": {
      "version": "5.2.1",
      "resolved": "https://registry.npmjs.org/fraction.js/-/fraction.js-5.2.1.tgz",
      "integrity": "sha512-Ah6t/7YCYjrPUFUFsOsRLMXAdnYM+aQwmojD2Ayb/Ezr82SwES0vuyQ8qZ3QO8n9j7W14VJuVZZet8U3bhSdQQ==",
      "engines": {
        "node": ">= 12"
      },
      "funding": {
        "type": "github",
        "url": "https://github.com/sponsors/rawify"
      }
    },
    "node_modules/gl-matrix": {
      "version": "3.4.3",
      "resolved": "https://registry.npmjs.org/gl-matrix/-/gl-matrix-3.4.3.tgz",
      "integrity": "sha512-wcCp8vu8FT22BnvKVPjXa/ICBWRq/zjFfdofZy1WSpQZpphblv12/bOQLBC1rMM7SGOFS9ltVmKOHil5+Ml7gA==",
      "license": "MIT"
    },
    "node_modules/javascript-natural-sort": {
      "version": "0.7.1",
      "resolved": "https://registry.npmjs.org/javascript-natural-sort/-/javascript-natural-sort-0.7.1.tgz",
      "integrity": "sha512-nO6jcEfZWQXDhOiBtG2KvKyEptz7RVbpGP4vTD2hLBdmNQSsCiicO2Ioinv6UI4y9ukqnBpy+XZ9H6uLNgJTlw=="
    },
    "node_modules/jsfive": {
      "version": "0.4.0",
      "resolved": "https://registry.npmjs.org/jsfive/-/jsfive-0.4.0.tgz",
      "integrity": "sha512-3I3feGAFleVsChR4o4g9McAOa3bLlJ8af3oimjHt4nJNnmnbGROqRghb7m4VXNSZO8UbImN3UPc0uY2EZGIw6Q==",
      "license": "SEE LICENSE IN LICENSE.txt",
      "dependencies": {
        "pako": "^2.0.4"
      }
    },
    "node_modules/mathjs": {
      "version": "14.3.1",
      "resolved": "https://registry.npmjs.org/mathjs/-/mathjs-14.3.1.tgz",
      "integrity": "sha512-tgN2/TQXWVHegcl/Yw/Rkd/yhq0CagK5KnWmKUJ2/Cz/2JZoq4K2Ili9B3wZqvxaof7TVNoXbyKmA3CV3P9ZsA==",
      "license": "Apache-2.0",
      "dependencies": {
        "@babel/runtime": "^7.25.7",
        "complex.js": "^2.2.5",
        "decimal.js": "^10.4.3",
        "escape-latex": "^1.2.0",
        "fraction.js": "^5.2.1",
        "javascript-natural-sort": "^0.7.1",
        "seedrandom": "^3.0.5",
        "tiny-emitter": "^2.1.0",
        "typed-function": "^4.2.1"
      },
      "bin": {
        "mathjs": "bin/cli.js"
      },
      "engines": {
        "node": ">= 18"
      }
    },
    "node_modules/pako": {
      "version": "2.1.0",
      "resolved": "https://registry.npmjs.org/pako/-/pako-2.1.0.tgz",
      "integrity": "sha512-w+eufiZ1WuJYgPXbV/PO3NCMEc3xqylkKHzp8bxp1uW4qaSNQUkwmLLEc3kKsfz8lpV1F8Ht3U1Cm+9Srog2ug=="
    },
    "node_modules/rand-seed": {
      "version": "2.1.7",
      "resolved": "https://registry.npmjs.org/rand-seed/-/rand-seed-2.1.7.tgz",
      "integrity": "sha512-Yaz75D2fTWtIr69iDd+PGwtQkFkqOIMQZl+W8U3NMR6F2a1UEk2FmnQkNd6Z1eNtL96Z5nznw5PKYk1Z9m6lxw==",
      "license": "MIT"
    },
    "node_modules/regenerator-runtime": {
      "version": "0.14.1",
      "resolved": "https://registry.npmjs.org/regenerator-runtime/-/regenerator-runtime-0.14.1.tgz",
      "integrity": "sha512-dYnhHh0nJoMfnkZs6GmmhFknAGRrLznOu5nc9ML+EJxGvrx6H7teuevqVqCuPcPK//3eDrrjQhehXVx9cnkGdw=="
    },
    "node_modules/rltools": {
      "resolved": "../rltools.js",
      "link": true
    },
    "node_modules/seedrandom": {
      "version": "3.0.5",
      "resolved": "https://registry.npmjs.org/seedrandom/-/seedrandom-3.0.5.tgz",
      "integrity": "sha512-8OwmbklUNzwezjGInmZ+2clQmExQPvomqjL7LFqOYqtmuxRgQYqOD3mHaU+MvZn5FLUeVxVfQjwLZW/n/JFuqg=="
    },
    "node_modules/stats.js": {
      "version": "0.17.0",
      "resolved": "https://registry.npmjs.org/stats.js/-/stats.js-0.17.0.tgz",
      "integrity": "sha512-hNKz8phvYLPEcRkeG1rsGmV5ChMjKDAWU7/OJJdDErPBNChQXxCo3WZurGpnWc6gZhAzEPFad1aVgyOANH1sMw==",
      "license": "MIT"
    },
    "node_modules/three": {
      "version": "0.180.0",
      "resolved": "https://registry.npmjs.org/three/-/three-0.180.0.tgz",
      "integrity": "sha512-o+qycAMZrh+TsE01GqWUxUIKR1AL0S8pq7zDkYOQw8GqfX8b8VoCKYUoHbhiX5j+7hr8XsuHDVU6+gkQJQKg9w==",
      "license": "MIT"
    },
    "node_modules/tiny-emitter": {
      "version": "2.1.0",
      "resolved": "https://registry.npmjs.org/tiny-emitter/-/tiny-emitter-2.1.0.tgz",
      "integrity": "sha512-NB6Dk1A9xgQPMoGqC5CVXn123gWyte215ONT5Pp5a0yt4nlEoO1ZWeCwpncaekPHXO60i47ihFnZPiRPjRMq4Q=="
    },
    "node_modules/typed-function": {
      "version": "4.2.1",
      "resolved": "https://registry.npmjs.org/typed-function/-/typed-function-4.2.1.tgz",
      "integrity": "sha512-EGjWssW7Tsk4DGfE+5yluuljS1OGYWiI1J6e8puZz9nTMM51Oug8CD5Zo4gWMsOhq5BI+1bF+rWTm4Vbj3ivRA==",
      "engines": {
        "node": ">= 18"
      }
    }
  }
}
